# THIS IS AN AUTOGENERATED FILE. DO NOT EDIT THIS FILE DIRECTLY.
# yarn lockfile v1


slug@^0.9.1:
  version "0.9.1"
  resolved "http://registry.npmjs.org/slug/-/slug-0.9.1.tgz#af08f608a7c11516b61778aa800dce84c518cfda"
  dependencies:
    unicode ">= 0.3.1"

"unicode@>= 0.3.1":
  version "11.0.1"
  resolved "https://registry.yarnpkg.com/unicode/-/unicode-11.0.1.tgz#735bd422ec75cf28d396eb224d535d168d5f1db6"
